
Microsoft Visual Studio Solution File, Format Version 12.00
# Visual Studio Version 17
VisualStudioVersion = 17.10.35013.160
MinimumVisualStudioVersion = 10.0.40219.1
Project("{FAE04EC0-301F-11D3-BF4B-00C04F79EFBC}") = "TerminalPedidos", "TerminalPedidos\TerminalPedidos.csproj", "{10A1F149-66B4-4A49-852B-8F3F9080E083}"
EndProject
Project("{F184B08F-C81C-45F6-A57F-5ABD9991F28F}") = "SDKContpaq", "SDKContpaq\SDKContpaq.vbproj", "{21976ACE-604D-4ACF-880D-ADEAB5C2D48E}"
EndProject
Project("{FAE04EC0-301F-11D3-BF4B-00C04F79EFBC}") = "Modelos", "Modelos\Modelos.csproj", "{D970209B-2A7E-4E45-B378-A90926D39C8B}"
EndProject
Project("{FAE04EC0-301F-11D3-BF4B-00C04F79EFBC}") = "AdministradorPV", "AdministradorPV\AdministradorPV.csproj", "{1A678A63-E5C1-4D96-AE04-823387E148B3}"
EndProject
Project("{FAE04EC0-301F-11D3-BF4B-00C04F79EFBC}") = "RepartidorTerminal", "RepartidorTerminal\RepartidorTerminal.csproj", "{0FE8DF62-B7A7-42FB-8D3C-F0EBC20DE5BE}"
EndProject
Global
	GlobalSection(SolutionConfigurationPlatforms) = preSolution
		Debug|Any CPU = Debug|Any CPU
		Release|Any CPU = Release|Any CPU
	EndGlobalSection
	GlobalSection(ProjectConfigurationPlatforms) = postSolution
		{10A1F149-66B4-4A49-852B-8F3F9080E083}.Debug|Any CPU.ActiveCfg = Debug|Any CPU
		{10A1F149-66B4-4A49-852B-8F3F9080E083}.Debug|Any CPU.Build.0 = Debug|Any CPU
		{10A1F149-66B4-4A49-852B-8F3F9080E083}.Release|Any CPU.ActiveCfg = Release|Any CPU
		{10A1F149-66B4-4A49-852B-8F3F9080E083}.Release|Any CPU.Build.0 = Release|Any CPU
		{21976ACE-604D-4ACF-880D-ADEAB5C2D48E}.Debug|Any CPU.ActiveCfg = Debug|Any CPU
		{21976ACE-604D-4ACF-880D-ADEAB5C2D48E}.Debug|Any CPU.Build.0 = Debug|Any CPU
		{21976ACE-604D-4ACF-880D-ADEAB5C2D48E}.Release|Any CPU.ActiveCfg = Release|Any CPU
		{21976ACE-604D-4ACF-880D-ADEAB5C2D48E}.Release|Any CPU.Build.0 = Release|Any CPU
		{D970209B-2A7E-4E45-B378-A90926D39C8B}.Debug|Any CPU.ActiveCfg = Debug|Any CPU
		{D970209B-2A7E-4E45-B378-A90926D39C8B}.Debug|Any CPU.Build.0 = Debug|Any CPU
		{D970209B-2A7E-4E45-B378-A90926D39C8B}.Release|Any CPU.ActiveCfg = Release|Any CPU
		{D970209B-2A7E-4E45-B378-A90926D39C8B}.Release|Any CPU.Build.0 = Release|Any CPU
		{1A678A63-E5C1-4D96-AE04-823387E148B3}.Debug|Any CPU.ActiveCfg = Debug|Any CPU
		{1A678A63-E5C1-4D96-AE04-823387E148B3}.Debug|Any CPU.Build.0 = Debug|Any CPU
		{1A678A63-E5C1-4D96-AE04-823387E148B3}.Release|Any CPU.ActiveCfg = Release|Any CPU
		{1A678A63-E5C1-4D96-AE04-823387E148B3}.Release|Any CPU.Build.0 = Release|Any CPU
		{0FE8DF62-B7A7-42FB-8D3C-F0EBC20DE5BE}.Debug|Any CPU.ActiveCfg = Debug|Any CPU
		{0FE8DF62-B7A7-42FB-8D3C-F0EBC20DE5BE}.Debug|Any CPU.Build.0 = Debug|Any CPU
		{0FE8DF62-B7A7-42FB-8D3C-F0EBC20DE5BE}.Release|Any CPU.ActiveCfg = Release|Any CPU
		{0FE8DF62-B7A7-42FB-8D3C-F0EBC20DE5BE}.Release|Any CPU.Build.0 = Release|Any CPU
	EndGlobalSection
	GlobalSection(SolutionProperties) = preSolution
		HideSolutionNode = FALSE
	EndGlobalSection
	GlobalSection(ExtensibilityGlobals) = postSolution
		SolutionGuid = {EA1184E9-7547-4A8E-B283-9080A75B9691}
	EndGlobalSection
EndGlobal
